# THIS IS AN AUTOGENERATED FILE. DO NOT EDIT THIS FILE DIRECTLY.
# yarn lockfile v1


jquery@^3.2.1:
  version "3.2.1"
  resolved "https://registry.yarnpkg.com/jquery/-/jquery-3.2.1.tgz#5c4d9de652af6cd0a770154a631bba12b015c787"

moment@^2.18.1:
  version "2.18.1"
  resolved "https://registry.yarnpkg.com/moment/-/moment-2.18.1.tgz#c36193dd3ce1c2eed2adb7c802dbbc77a81b1c0f"

mustache@^2.3.0:
  version "2.3.0"
  resolved "https://registry.yarnpkg.com/mustache/-/mustache-2.3.0.tgz#4028f7778b17708a489930a6e52ac3bca0da41d0"

store@^2.0.4:
  version "2.0.4"
  resolved "https://registry.yarnpkg.com/store/-/store-2.0.4.tgz#6c6819602a5497166ade85db2442cc64ebcc5761"

turbolinks@^5.0.0:
  version "5.0.0"
  resolved "https://registry.yarnpkg.com/turbolinks/-/turbolinks-5.0.0.tgz#94c73fa299716824b0d96639b993b2efd7ef0e44"
